Microsoft Visual Studio Solution File, Format Version 12.00
# Visual Studio 2012
Project("{FAE04EC0-301F-11D3-BF4B-00C04F79EFBC}") = "Ics", "Ics.csproj", "{FE85CEE8-0A5B-44BD-8405-324839E46DFD}"
EndProject
Global
	GlobalSection(SolutionConfigurationPlatforms) = preSolution
	Debug|Any CPU = Debug|Any CPU
	ExportDebug|Any CPU = ExportDebug|Any CPU
	ExportRelease|Any CPU = ExportRelease|Any CPU
	EndGlobalSection
	GlobalSection(ProjectConfigurationPlatforms) = postSolution
		{FE85CEE8-0A5B-44BD-8405-324839E46DFD}.Debug|Any CPU.ActiveCfg = Debug|Any CPU
		{FE85CEE8-0A5B-44BD-8405-324839E46DFD}.Debug|Any CPU.Build.0 = Debug|Any CPU
		{FE85CEE8-0A5B-44BD-8405-324839E46DFD}.ExportDebug|Any CPU.ActiveCfg = ExportDebug|Any CPU
		{FE85CEE8-0A5B-44BD-8405-324839E46DFD}.ExportDebug|Any CPU.Build.0 = ExportDebug|Any CPU
		{FE85CEE8-0A5B-44BD-8405-324839E46DFD}.ExportRelease|Any CPU.ActiveCfg = ExportRelease|Any CPU
		{FE85CEE8-0A5B-44BD-8405-324839E46DFD}.ExportRelease|Any CPU.Build.0 = ExportRelease|Any CPU
	EndGlobalSection
EndGlobal
